// !$*UTF8*$!
{
	archiveVersion = 1;
	classes = {
	};
	objectVersion = 46;
	objects = {

/* Begin PBXBuildFile section */
		4544BAC71CA7446F0009496E /* AppDelegate.swift in Sources */ = {isa = PBXBuildFile; fileRef = 4544BAC61CA7446F0009496E /* AppDelegate.swift */; };
		4544BAC91CA7446F0009496E /* ViewController.swift in Sources */ = {isa = PBXBuildFile; fileRef = 4544BAC81CA7446F0009496E /* ViewController.swift */; };
		4544BACC1CA7446F0009496E /* Main.storyboard in Resources */ = {isa = PBXBuildFile; fileRef = 4544BACA1CA7446F0009496E /* Main.storyboard */; };
		4544BACE1CA7446F0009496E /* Assets.xcassets in Resources */ = {isa = PBXBuildFile; fileRef = 4544BACD1CA7446F0009496E /* Assets.xcassets */; };
		4544BAD11CA7446F0009496E /* LaunchScreen.storyboard in Resources */ = {isa = PBXBuildFile; fileRef = 4544BACF1CA7446F0009496E /* LaunchScreen.storyboard */; };
/* End PBXBuildFile section */

/* Begin PBXFileReference section */
		4544BAC31CA7446F0009496E /* Imprint.app */ = {isa = PBXFileReference; explicitFileType = wrapper.application; includeInIndex = 0; path = Imprint.app; sourceTree = BUILT_PRODUCTS_DIR; };
		4544BAC61CA7446F0009496E /* AppDelegate.swift */ = {isa = PBXFileReference; lastKnownFileType = sourcecode.swift; path = AppDelegate.swift; sourceTree = "<group>"; };
		4544BAC81CA7446F0009496E /* ViewController.swift */ = {isa = PBXFileReference; lastKnownFileType = sourcecode.swift; path = ViewController.swift; sourceTree = "<group>"; };
		4544BACB1CA7446F0009496E /* Base */ = {isa = PBXFileReference; lastKnownFileType = file.storyboard; name = Base; path = Base.lproj/Main.storyboard; sourceTree = "<group>"; };
		4544BACD1CA7446F0009496E /* Assets.xcassets */ = {isa = PBXFileReference; lastKnownFileType = folder.assetcatalog; path = Assets.xcassets; sourceTree = "<group>"; };
		4544BAD01CA7446F0009496E /* Base */ = {isa = PBXFileReference; lastKnownFileType = file.storyboard; name = Base; path = Base.lproj/LaunchScreen.storyboard; sourceTree = "<group>"; };
		4544BAD21CA7446F0009496E /* Info.plist */ = {isa = PBXFileReference; lastKnownFileType = text.plist.xml; path = Info.plist; sourceTree = "<group>"; };
/* End PBXFileReference section */

/* Begin PBXFrameworksBuildPhase section */
		4544BAC01CA7446F0009496E /* Frameworks */ = {
			isa = PBXFrameworksBuildPhase;
			buildActionMask = 2147483647;
			files = (
			);
			runOnlyForDeploymentPostprocessing = 0;
		};
/* End PBXFrameworksBuildPhase section */

/* Begin PBXGroup section */
		4544BABA1CA7446F0009496E = {
			isa = PBXGroup;
			children = (
				4544BAC51CA7446F0009496E /* Imprint */,
				4544BAC41CA7446F0009496E /* Products */,
			);
			sourceTree = "<group>";
		};
		4544BAC41CA7446F0009496E /* Products */ = {
			isa = PBXGroup;
			children = (
				4544BAC31CA7446F0009496E /* Imprint.app */,
			);
			name = Products;
			sourceTree = "<group>";
		};
		4544BAC51CA7446F0009496E /* Imprint */ = {
			isa = PBXGroup;
			children = (
				4544BAC61CA7446F0009496E /* AppDelegate.swift */,
				4544BAC81CA7446F0009496E /* ViewController.swift */,
				4544BACA1CA7446F0009496E /* Main.storyboard */,
				4544BACD1CA7446F0009496E /* Assets.xcassets */,
				4544BACF1CA7446F0009496E /* LaunchScreen.storyboard */,
				4544BAD21CA7446F0009496E /* Info.plist */,
			);
			path = Imprint;
			sourceTree = "<group>";
		};
/* End PBXGroup section */

/* Begin PBXNativeTarget section */
		4544BAC21CA7446F0009496E /* Imprint */ = {
			isa = PBXNativeTarget;
			buildConfigurationList = 4544BAD51CA7446F0009496E /* Build configuration list for PBXNativeTarget "Imprint" */;
			buildPhases = (
				4544BABF1CA7446F0009496E /* Sources */,
				4544BAC01CA7446F0009496E /* Frameworks */,
				4544BAC11CA7446F0009496E /* Resources */,
			);
			buildRules = (
			);
			dependencies = (
			);
			name = Imprint;
			productName = Imprint;
			productReference = 4544BAC31CA7446F0009496E /* Imprint.app */;
			productType = "com.apple.product-type.application";
		};
/* End PBXNativeTarget section */

/* Begin PBXProject section */
		4544BABB1CA7446F0009496E /* Project object */ = {
			isa = PBXProject;
			attributes = {
				LastSwiftUpdateCheck = 0720;
				LastUpgradeCheck = 0720;
				ORGANIZATIONNAME = Imprint;
				TargetAttributes = {
					4544BAC21CA7446F0009496E = {
						CreatedOnToolsVersion = 7.2.1;
						DevelopmentTeam = 98E8SVTQ29;
					};
				};
			};
			buildConfigurationList = 4544BABE1CA7446F0009496E /* Build configuration list for PBXProject "Imprint" */;
			compatibilityVersion = "Xcode 3.2";
			developmentRegion = English;
			hasScannedForEncodings = 0;
			knownRegions = (
				en,
				Base,
			);
			mainGroup = 4544BABA1CA7446F0009496E;
			productRefGroup = 4544BAC41CA7446F0009496E /* Products */;
			projectDirPath = "";
			projectRoot = "";
			targets = (
				4544BAC21CA7446F0009496E /* Imprint */,
			);
		};
/* End PBXProject section */

/* Begin PBXResourcesBuildPhase section */
		4544BAC11CA7446F0009496E /* Resources */ = {
			isa = PBXResourcesBuildPhase;
			buildActionMask = 2147483647;
			files = (
				4544BAD11CA7446F0009496E /* LaunchScreen.storyboard in Resources */,
				4544BACE1CA7446F0009496E /* Assets.xcassets in Resources */,
				4544BACC1CA7446F0009496E /* Main.storyboard in Resources */,
			);
			runOnlyForDeploymentPostprocessing = 0;
		};
/* End PBXResourcesBuildPhase section */

/* Begin PBXSourcesBuildPhase section */
		4544BABF1CA7446F0009496E /* Sources */ = {
			isa = PBXSourcesBuildPhase;
			buildActionMask = 2147483647;
			files = (
				4544BAC91CA7446F0009496E /* ViewController.swift in Sources */,
				4544BAC71CA7446F0009496E /* AppDelegate.swift in Sources */,
			);
			runOnlyForDeploymentPostprocessing = 0;
		};
/* End PBXSourcesBuildPhase section */

/* Begin PBXVariantGroup section */
		4544BACA1CA7446F0009496E /* Main.storyboard */ = {
			isa = PBXVariantGroup;
			children = (
				4544BACB1CA7446F0009496E /* Base */,
			);
			name = Main.storyboard;
			sourceTree = "<group>";
		};
		4544BACF1CA7446F0009496E /* LaunchScreen.storyboard */ = {
			isa = PBXVariantGroup;
			children = (
				4544BAD01CA7446F0009496E /* Base */,
			);
			name = LaunchScreen.storyboard;
			sourceTree = "<group>";
		};
/* End PBXVariantGroup section */

/* Begin XCBuildConfiguration section */
		4544BAD31CA7446F0009496E /* Debug */ = {
			isa = XCBuildConfiguration;
			buildSettings = {
				ALWAYS_SEARCH_USER_PATHS = NO;
				CLANG_CXX_LANGUAGE_STANDARD = "gnu++0x";
				CLANG_CXX_LIBRARY = "libc++";
				CLANG_ENABLE_MODULES = YES;
				CLANG_ENABLE_OBJC_ARC = YES;
				CLANG_WARN_BOOL_CONVERSION = YES;
				CLANG_WARN_CONSTANT_CONVERSION = YES;
				CLANG_WARN_DIRECT_OBJC_ISA_USAGE = YES_ERROR;
				CLANG_WARN_EMPTY_BODY = YES;
				CLANG_WARN_ENUM_CONVERSION = YES;
				CLANG_WARN_INT_CONVERSION = YES;
				CLANG_WARN_OBJC_ROOT_CLASS = YES_ERROR;
				CLANG_WARN_UNREACHABLE_CODE = YES;
				CLANG_WARN__DUPLICATE_METHOD_MATCH = YES;
				"CODE_SIGN_IDENTITY[sdk=iphoneos*]" = "iPhone Developer";
				COPY_PHASE_STRIP = NO;
				DEBUG_INFORMATION_FORMAT = dwarf;
				ENABLE_STRICT_OBJC_MSGSEND = YES;
				ENABLE_TESTABILITY = YES;
				GCC_C_LANGUAGE_STANDARD = gnu99;
				GCC_DYNAMIC_NO_PIC = NO;
				GCC_NO_COMMON_BLOCKS = YES;
				GCC_OPTIMIZATION_LEVEL = 0;
				GCC_PREPROCESSOR_DEFINITIONS = (
					"DEBUG=1",
					"$(inherited)",
				);
				GCC_WARN_64_TO_32_BIT_CONVERSION = YES;
				GCC_WARN_ABOUT_RETURN_TYPE = YES_ERROR;
				GCC_WARN_UNDECLARED_SELECTOR = YES;
				GCC_WARN_UNINITIALIZED_AUTOS = YES_AGGRESSIVE;
				GCC_WARN_UNUSED_FUNCTION = YES;
				GCC_WARN_UNUSED_VARIABLE = YES;
				IPHONEOS_DEPLOYMENT_TARGET = 9.2;
				MTL_ENABLE_DEBUG_INFO = YES;
				ONLY_ACTIVE_ARCH = YES;
				SDKROOT = iphoneos;
				SWIFT_OPTIMIZATION_LEVEL = "-Onone";
			};
			name = Debug;
		};
		4544BAD41CA7446F0009496E /* Release */ = {
			isa = XCBuildConfiguration;
			buildSettings = {
				ALWAYS_SEARCH_USER_PATHS = NO;
				CLANG_CXX_LANGUAGE_STANDARD = "gnu++0x";
				CLANG_CXX_LIBRARY = "libc++";
				CLANG_ENABLE_MODULES = YES;
				CLANG_ENABLE_OBJC_ARC = YES;
				CLANG_WARN_BOOL_CONVERSION = YES;
				CLANG_WARN_CONSTANT_CONVERSION = YES;
				CLANG_WARN_DIRECT_OBJC_ISA_USAGE = YES_ERROR;
				CLANG_WARN_EMPTY_BODY = YES;
				CLANG_WARN_ENUM_CONVERSION = YES;
				CLANG_WARN_INT_CONVERSION = YES;
				CLANG_WARN_OBJC_ROOT_CLASS = YES_ERROR;
				CLANG_WARN_UNREACHABLE_CODE = YES;
				CLANG_WARN__DUPLICATE_METHOD_MATCH = YES;
				"CODE_SIGN_IDENTITY[sdk=iphoneos*]" = "iPhone Developer";
				COPY_PHASE_STRIP = NO;
				DEBUG_INFORMATION_FORMAT = "dwarf-with-dsym";
				ENABLE_NS_ASSERTIONS = NO;
				ENABLE_STRICT_OBJC_MSGSEND = YES;
				GCC_C_LANGUAGE_STANDARD = gnu99;
				GCC_NO_COMMON_BLOCKS = YES;
				GCC_WARN_64_TO_32_BIT_CONVERSION = YES;
				GCC_WARN_ABOUT_RETURN_TYPE = YES_ERROR;
				GCC_WARN_UNDECLARED_SELECTOR = YES;
				GCC_WARN_UNINITIALIZED_AUTOS = YES_AGGRESSIVE;
				GCC_WARN_UNUSED_FUNCTION = YES;
				GCC_WARN_UNUSED_VARIABLE = YES;
				IPHONEOS_DEPLOYMENT_TARGET = 9.2;
				MTL_ENABLE_DEBUG_INFO = NO;
				SDKROOT = iphoneos;
				VALIDATE_PRODUCT = YES;
			};
			name = Release;
		};
		4544BAD61CA7446F0009496E /* Debug */ = {
			isa = XCBuildConfiguration;
			buildSettings = {
				ASSETCATALOG_COMPILER_APPICON_NAME = AppIcon;
				CODE_SIGN_IDENTITY = "iPhone Developer";
				INFOPLIST_FILE = Imprint/Info.plist;
				IPHONEOS_DEPLOYMENT_TARGET = 8.0;
				LD_RUNPATH_SEARCH_PATHS = "$(inherited) @executable_path/Frameworks";
				PRODUCT_BUNDLE_IDENTIFIER = com.imprint.Imprint;
				PRODUCT_NAME = "$(TARGET_NAME)";
			};
			name = Debug;
		};
		4544BAD71CA7446F0009496E /* Release */ = {
			isa = XCBuildConfiguration;
			buildSettings = {
				ASSETCATALOG_COMPILER_APPICON_NAME = AppIcon;
				CODE_SIGN_IDENTITY = "iPhone Developer";
				INFOPLIST_FILE = Imprint/Info.plist;
				IPHONEOS_DEPLOYMENT_TARGET = 8.0;
				LD_RUNPATH_SEARCH_PATHS = "$(inherited) @executable_path/Frameworks";
				PRODUCT_BUNDLE_IDENTIFIER = com.imprint.Imprint;
				PRODUCT_NAME = "$(TARGET_NAME)";
			};
			name = Release;
		};
/* End XCBuildConfiguration section */

/* Begin XCConfigurationList section */
		4544BABE1CA7446F0009496E /* Build configuration list for PBXProject "Imprint" */ = {
			isa = XCConfigurationList;
			buildConfigurations = (
				4544BAD31CA7446F0009496E /* Debug */,
				4544BAD41CA7446F0009496E /* Release */,
			);
			defaultConfigurationIsVisible = 0;
			defaultConfigurationName = Release;
		};
		4544BAD51CA7446F0009496E /* Build configuration list for PBXNativeTarget "Imprint" */ = {
			isa = XCConfigurationList;
			buildConfigurations = (
				4544BAD61CA7446F0009496E /* Debug */,
				4544BAD71CA7446F0009496E /* Release */,
			);
			defaultConfigurationIsVisible = 0;
		};
/* End XCConfigurationList section */
	};
	rootObject = 4544BABB1CA7446F0009496E /* Project object */;
}
